
Microsoft Visual Studio Solution File, Format Version 12.00
# Visual Studio Version 16
VisualStudioVersion = 16.0.30204.135
MinimumVisualStudioVersion = 10.0.40219.1
Project("{FAE04EC0-301F-11D3-BF4B-00C04F79EFBC}") = "ProyectoPrueba", "ProyectoPrueba\ProyectoPrueba.csproj", "{D0164EF4-D68F-4110-A405-A06076D77713}"
EndProject
Global
	GlobalSection(SolutionConfigurationPlatforms) = preSolution
		Debug|Any CPU = Debug|Any CPU
		Release|Any CPU = Release|Any CPU
	EndGlobalSection
	GlobalSection(ProjectConfigurationPlatforms) = postSolution
		{D0164EF4-D68F-4110-A405-A06076D77713}.Debug|Any CPU.ActiveCfg = Debug|Any CPU
		{D0164EF4-D68F-4110-A405-A06076D77713}.Debug|Any CPU.Build.0 = Debug|Any CPU
		{D0164EF4-D68F-4110-A405-A06076D77713}.Release|Any CPU.ActiveCfg = Release|Any CPU
		{D0164EF4-D68F-4110-A405-A06076D77713}.Release|Any CPU.Build.0 = Release|Any CPU
	EndGlobalSection
	GlobalSection(SolutionProperties) = preSolution
		HideSolutionNode = FALSE
	EndGlobalSection
	GlobalSection(ExtensibilityGlobals) = postSolution
		SolutionGuid = {6F53BA54-352F-4165-96B3-E2C3DCA280D9}
	EndGlobalSection
EndGlobal
